
Microsoft Visual Studio Solution File, Format Version 12.00
# Visual Studio Version 17
VisualStudioVersion = 17.8.34525.116
MinimumVisualStudioVersion = 10.0.40219.1
Project("{FAE04EC0-301F-11D3-BF4B-00C04F79EFBC}") = "problem2", "problem2.csproj", "{0CB27C06-3674-4523-9B51-45559B6A9C6C}"
EndProject
Global
	GlobalSection(SolutionConfigurationPlatforms) = preSolution
		Debug|Any CPU = Debug|Any CPU
		Release|Any CPU = Release|Any CPU
	EndGlobalSection
	GlobalSection(ProjectConfigurationPlatforms) = postSolution
		{0CB27C06-3674-4523-9B51-45559B6A9C6C}.Debug|Any CPU.ActiveCfg = Debug|Any CPU
		{0CB27C06-3674-4523-9B51-45559B6A9C6C}.Debug|Any CPU.Build.0 = Debug|Any CPU
		{0CB27C06-3674-4523-9B51-45559B6A9C6C}.Release|Any CPU.ActiveCfg = Release|Any CPU
		{0CB27C06-3674-4523-9B51-45559B6A9C6C}.Release|Any CPU.Build.0 = Release|Any CPU
	EndGlobalSection
	GlobalSection(SolutionProperties) = preSolution
		HideSolutionNode = FALSE
	EndGlobalSection
	GlobalSection(ExtensibilityGlobals) = postSolution
		SolutionGuid = {1DCC0C0F-DAEC-49F3-AC6E-1BDF6716EB3B}
	EndGlobalSection
EndGlobal
